
Microsoft Visual Studio Solution File, Format Version 12.00
# Visual Studio Version 16
VisualStudioVersion = 16.0.29613.14
MinimumVisualStudioVersion = 10.0.40219.1
Project("{9A19103F-16F7-4668-BE54-9A1E7A4F7556}") = "Test", "Test.csproj", "{048770C2-32E4-4206-B250-73879EC29B44}"
EndProject
Project("{9A19103F-16F7-4668-BE54-9A1E7A4F7556}") = "log4net", "..\Project\log4net.csproj", "{3479CDC8-D834-4168-B102-E2175C179475}"
EndProject
Global
	GlobalSection(SolutionConfigurationPlatforms) = preSolution
		Debug|Any CPU = Debug|Any CPU
		Release|Any CPU = Release|Any CPU
	EndGlobalSection
	GlobalSection(ProjectConfigurationPlatforms) = postSolution
		{048770C2-32E4-4206-B250-73879EC29B44}.Debug|Any CPU.ActiveCfg = Debug|Any CPU
		{048770C2-32E4-4206-B250-73879EC29B44}.Debug|Any CPU.Build.0 = Debug|Any CPU
		{048770C2-32E4-4206-B250-73879EC29B44}.Release|Any CPU.ActiveCfg = Release|Any CPU
		{048770C2-32E4-4206-B250-73879EC29B44}.Release|Any CPU.Build.0 = Release|Any CPU
		{3479CDC8-D834-4168-B102-E2175C179475}.Debug|Any CPU.ActiveCfg = Debug|Any CPU
		{3479CDC8-D834-4168-B102-E2175C179475}.Debug|Any CPU.Build.0 = Debug|Any CPU
		{3479CDC8-D834-4168-B102-E2175C179475}.Release|Any CPU.ActiveCfg = Release|Any CPU
		{3479CDC8-D834-4168-B102-E2175C179475}.Release|Any CPU.Build.0 = Release|Any CPU
	EndGlobalSection
	GlobalSection(SolutionProperties) = preSolution
		HideSolutionNode = FALSE
	EndGlobalSection
	GlobalSection(ExtensibilityGlobals) = postSolution
		SolutionGuid = {2DF4CA0B-A545-45F1-9F72-06772A36B702}
	EndGlobalSection
EndGlobal
