
Microsoft Visual Studio Solution File, Format Version 12.00
# Visual Studio Version 16
VisualStudioVersion = 16.0.29613.14
MinimumVisualStudioVersion = 10.0.40219.1
Project("{9A19103F-16F7-4668-BE54-9A1E7A4F7556}") = "log4net", "log4net.csproj", "{AA150EC0-18E6-43F8-BB68-B3922EF8A0E2}"
EndProject
Project("{9A19103F-16F7-4668-BE54-9A1E7A4F7556}") = "Test", "..\Test\Test.csproj", "{1E355235-EEA8-4525-84DF-3AC399EA8AB1}"
EndProject
Global
	GlobalSection(SolutionConfigurationPlatforms) = preSolution
		Debug|Any CPU = Debug|Any CPU
		Release|Any CPU = Release|Any CPU
	EndGlobalSection
	GlobalSection(ProjectConfigurationPlatforms) = postSolution
		{AA150EC0-18E6-43F8-BB68-B3922EF8A0E2}.Debug|Any CPU.ActiveCfg = Debug|Any CPU
		{AA150EC0-18E6-43F8-BB68-B3922EF8A0E2}.Debug|Any CPU.Build.0 = Debug|Any CPU
		{AA150EC0-18E6-43F8-BB68-B3922EF8A0E2}.Release|Any CPU.ActiveCfg = Release|Any CPU
		{AA150EC0-18E6-43F8-BB68-B3922EF8A0E2}.Release|Any CPU.Build.0 = Release|Any CPU
		{1E355235-EEA8-4525-84DF-3AC399EA8AB1}.Debug|Any CPU.ActiveCfg = Debug|Any CPU
		{1E355235-EEA8-4525-84DF-3AC399EA8AB1}.Debug|Any CPU.Build.0 = Debug|Any CPU
		{1E355235-EEA8-4525-84DF-3AC399EA8AB1}.Release|Any CPU.ActiveCfg = Release|Any CPU
		{1E355235-EEA8-4525-84DF-3AC399EA8AB1}.Release|Any CPU.Build.0 = Release|Any CPU
	EndGlobalSection
	GlobalSection(SolutionProperties) = preSolution
		HideSolutionNode = FALSE
	EndGlobalSection
	GlobalSection(ExtensibilityGlobals) = postSolution
		SolutionGuid = {FBA91676-4E6C-46CC-9B92-C0E86A09691A}
	EndGlobalSection
EndGlobal
